// !$*UTF8*$!
{
	archiveVersion = 1;
	classes = {
	};
	objectVersion = 48;
	objects = {

/* Begin PBXBuildFile section */
		8945E5EC2073114F003C2F74 /* AppDelegate.m in Sources */ = {isa = PBXBuildFile; fileRef = 8945E5EB2073114F003C2F74 /* AppDelegate.m */; };
		8945E5EF2073114F003C2F74 /* ViewController.m in Sources */ = {isa = PBXBuildFile; fileRef = 8945E5EE2073114F003C2F74 /* ViewController.m */; };
		8945E5F22073114F003C2F74 /* Main.storyboard in Resources */ = {isa = PBXBuildFile; fileRef = 8945E5F02073114F003C2F74 /* Main.storyboard */; };
		8945E5F42073114F003C2F74 /* Assets.xcassets in Resources */ = {isa = PBXBuildFile; fileRef = 8945E5F32073114F003C2F74 /* Assets.xcassets */; };
		8945E5F72073114F003C2F74 /* LaunchScreen.storyboard in Resources */ = {isa = PBXBuildFile; fileRef = 8945E5F52073114F003C2F74 /* LaunchScreen.storyboard */; };
		8945E5FA2073114F003C2F74 /* main.m in Sources */ = {isa = PBXBuildFile; fileRef = 8945E5F92073114F003C2F74 /* main.m */; };
		8945E60F20731666003C2F74 /* Confuse.py in Resources */ = {isa = PBXBuildFile; fileRef = 8945E60720731666003C2F74 /* Confuse.py */; };
		8945E61120731666003C2F74 /* ignoreKey.txt in Resources */ = {isa = PBXBuildFile; fileRef = 8945E60920731666003C2F74 /* ignoreKey.txt */; };
		8945E61220731666003C2F74 /* start.sh in Resources */ = {isa = PBXBuildFile; fileRef = 8945E60A20731666003C2F74 /* start.sh */; };
/* End PBXBuildFile section */

/* Begin PBXFileReference section */
		8945E5E72073114F003C2F74 /* TMConfuse.app */ = {isa = PBXFileReference; explicitFileType = wrapper.application; includeInIndex = 0; path = TMConfuse.app; sourceTree = BUILT_PRODUCTS_DIR; };
		8945E5EA2073114F003C2F74 /* AppDelegate.h */ = {isa = PBXFileReference; lastKnownFileType = sourcecode.c.h; path = AppDelegate.h; sourceTree = "<group>"; };
		8945E5EB2073114F003C2F74 /* AppDelegate.m */ = {isa = PBXFileReference; lastKnownFileType = sourcecode.c.objc; path = AppDelegate.m; sourceTree = "<group>"; };
		8945E5ED2073114F003C2F74 /* ViewController.h */ = {isa = PBXFileReference; lastKnownFileType = sourcecode.c.h; path = ViewController.h; sourceTree = "<group>"; };
		8945E5EE2073114F003C2F74 /* ViewController.m */ = {isa = PBXFileReference; lastKnownFileType = sourcecode.c.objc; path = ViewController.m; sourceTree = "<group>"; };
		8945E5F12073114F003C2F74 /* Base */ = {isa = PBXFileReference; lastKnownFileType = file.storyboard; name = Base; path = Base.lproj/Main.storyboard; sourceTree = "<group>"; };
		8945E5F32073114F003C2F74 /* Assets.xcassets */ = {isa = PBXFileReference; lastKnownFileType = folder.assetcatalog; path = Assets.xcassets; sourceTree = "<group>"; };
		8945E5F62073114F003C2F74 /* Base */ = {isa = PBXFileReference; lastKnownFileType = file.storyboard; name = Base; path = Base.lproj/LaunchScreen.storyboard; sourceTree = "<group>"; };
		8945E5F82073114F003C2F74 /* Info.plist */ = {isa = PBXFileReference; lastKnownFileType = text.plist.xml; path = Info.plist; sourceTree = "<group>"; };
		8945E5F92073114F003C2F74 /* main.m */ = {isa = PBXFileReference; lastKnownFileType = sourcecode.c.objc; path = main.m; sourceTree = "<group>"; };
		8945E60620731666003C2F74 /* Confuse.h */ = {isa = PBXFileReference; fileEncoding = 4; lastKnownFileType = sourcecode.c.h; path = Confuse.h; sourceTree = "<group>"; };
		8945E60720731666003C2F74 /* Confuse.py */ = {isa = PBXFileReference; fileEncoding = 4; lastKnownFileType = text.script.python; path = Confuse.py; sourceTree = "<group>"; };
		8945E60920731666003C2F74 /* ignoreKey.txt */ = {isa = PBXFileReference; fileEncoding = 4; lastKnownFileType = text; path = ignoreKey.txt; sourceTree = "<group>"; };
		8945E60A20731666003C2F74 /* start.sh */ = {isa = PBXFileReference; fileEncoding = 4; lastKnownFileType = text.script.sh; path = start.sh; sourceTree = "<group>"; };
		8945E6172073174E003C2F74 /* TMPrefixHeader.pch */ = {isa = PBXFileReference; lastKnownFileType = sourcecode.c.h; path = TMPrefixHeader.pch; sourceTree = "<group>"; };
/* End PBXFileReference section */

/* Begin PBXFrameworksBuildPhase section */
		8945E5E42073114F003C2F74 /* Frameworks */ = {
			isa = PBXFrameworksBuildPhase;
			buildActionMask = 2147483647;
			files = (
			);
			runOnlyForDeploymentPostprocessing = 0;
		};
/* End PBXFrameworksBuildPhase section */

/* Begin PBXGroup section */
		8945E5DE2073114F003C2F74 = {
			isa = PBXGroup;
			children = (
				8945E60420731666003C2F74 /* CodeConfuse */,
				8945E5E92073114F003C2F74 /* TMConfuse */,
				8945E5E82073114F003C2F74 /* Products */,
			);
			sourceTree = "<group>";
		};
		8945E5E82073114F003C2F74 /* Products */ = {
			isa = PBXGroup;
			children = (
				8945E5E72073114F003C2F74 /* TMConfuse.app */,
			);
			name = Products;
			sourceTree = "<group>";
		};
		8945E5E92073114F003C2F74 /* TMConfuse */ = {
			isa = PBXGroup;
			children = (
				8945E5EA2073114F003C2F74 /* AppDelegate.h */,
				8945E5EB2073114F003C2F74 /* AppDelegate.m */,
				8945E5ED2073114F003C2F74 /* ViewController.h */,
				8945E5EE2073114F003C2F74 /* ViewController.m */,
				8945E5F02073114F003C2F74 /* Main.storyboard */,
				8945E5F32073114F003C2F74 /* Assets.xcassets */,
				8945E5F52073114F003C2F74 /* LaunchScreen.storyboard */,
				8945E5F82073114F003C2F74 /* Info.plist */,
				8945E5F92073114F003C2F74 /* main.m */,
				8945E6172073174E003C2F74 /* TMPrefixHeader.pch */,
			);
			path = TMConfuse;
			sourceTree = "<group>";
		};
		8945E60420731666003C2F74 /* CodeConfuse */ = {
			isa = PBXGroup;
			children = (
				8945E60620731666003C2F74 /* Confuse.h */,
				8945E60720731666003C2F74 /* Confuse.py */,
				8945E60920731666003C2F74 /* ignoreKey.txt */,
				8945E60A20731666003C2F74 /* start.sh */,
			);
			path = CodeConfuse;
			sourceTree = "<group>";
		};
/* End PBXGroup section */

/* Begin PBXNativeTarget section */
		8945E5E62073114F003C2F74 /* TMConfuse */ = {
			isa = PBXNativeTarget;
			buildConfigurationList = 8945E5FD2073114F003C2F74 /* Build configuration list for PBXNativeTarget "TMConfuse" */;
			buildPhases = (
				8945E5E32073114F003C2F74 /* Sources */,
				8945E5E42073114F003C2F74 /* Frameworks */,
				8945E5E52073114F003C2F74 /* Resources */,
			);
			buildRules = (
			);
			dependencies = (
			);
			name = TMConfuse;
			productName = TMConfuse;
			productReference = 8945E5E72073114F003C2F74 /* TMConfuse.app */;
			productType = "com.apple.product-type.application";
		};
/* End PBXNativeTarget section */

/* Begin PBXProject section */
		8945E5DF2073114F003C2F74 /* Project object */ = {
			isa = PBXProject;
			attributes = {
				LastUpgradeCheck = 0920;
				ORGANIZATIONNAME = tim;
				TargetAttributes = {
					8945E5E62073114F003C2F74 = {
						CreatedOnToolsVersion = 9.2;
						ProvisioningStyle = Automatic;
					};
				};
			};
			buildConfigurationList = 8945E5E22073114F003C2F74 /* Build configuration list for PBXProject "TMConfuse" */;
			compatibilityVersion = "Xcode 8.0";
			developmentRegion = en;
			hasScannedForEncodings = 0;
			knownRegions = (
				en,
				Base,
			);
			mainGroup = 8945E5DE2073114F003C2F74;
			productRefGroup = 8945E5E82073114F003C2F74 /* Products */;
			projectDirPath = "";
			projectRoot = "";
			targets = (
				8945E5E62073114F003C2F74 /* TMConfuse */,
			);
		};
/* End PBXProject section */

/* Begin PBXResourcesBuildPhase section */
		8945E5E52073114F003C2F74 /* Resources */ = {
			isa = PBXResourcesBuildPhase;
			buildActionMask = 2147483647;
			files = (
				8945E5F72073114F003C2F74 /* LaunchScreen.storyboard in Resources */,
				8945E5F42073114F003C2F74 /* Assets.xcassets in Resources */,
				8945E5F22073114F003C2F74 /* Main.storyboard in Resources */,
				8945E60F20731666003C2F74 /* Confuse.py in Resources */,
				8945E61120731666003C2F74 /* ignoreKey.txt in Resources */,
				8945E61220731666003C2F74 /* start.sh in Resources */,
			);
			runOnlyForDeploymentPostprocessing = 0;
		};
/* End PBXResourcesBuildPhase section */

/* Begin PBXSourcesBuildPhase section */
		8945E5E32073114F003C2F74 /* Sources */ = {
			isa = PBXSourcesBuildPhase;
			buildActionMask = 2147483647;
			files = (
				8945E5EF2073114F003C2F74 /* ViewController.m in Sources */,
				8945E5FA2073114F003C2F74 /* main.m in Sources */,
				8945E5EC2073114F003C2F74 /* AppDelegate.m in Sources */,
			);
			runOnlyForDeploymentPostprocessing = 0;
		};
/* End PBXSourcesBuildPhase section */

/* Begin PBXVariantGroup section */
		8945E5F02073114F003C2F74 /* Main.storyboard */ = {
			isa = PBXVariantGroup;
			children = (
				8945E5F12073114F003C2F74 /* Base */,
			);
			name = Main.storyboard;
			sourceTree = "<group>";
		};
		8945E5F52073114F003C2F74 /* LaunchScreen.storyboard */ = {
			isa = PBXVariantGroup;
			children = (
				8945E5F62073114F003C2F74 /* Base */,
			);
			name = LaunchScreen.storyboard;
			sourceTree = "<group>";
		};
/* End PBXVariantGroup section */

/* Begin XCBuildConfiguration section */
		8945E5FB2073114F003C2F74 /* Debug */ = {
			isa = XCBuildConfiguration;
			buildSettings = {
				ALWAYS_SEARCH_USER_PATHS = NO;
				CLANG_ANALYZER_NONNULL = YES;
				CLANG_ANALYZER_NUMBER_OBJECT_CONVERSION = YES_AGGRESSIVE;
				CLANG_CXX_LANGUAGE_STANDARD = "gnu++14";
				CLANG_CXX_LIBRARY = "libc++";
				CLANG_ENABLE_MODULES = YES;
				CLANG_ENABLE_OBJC_ARC = YES;
				CLANG_WARN_BLOCK_CAPTURE_AUTORELEASING = YES;
				CLANG_WARN_BOOL_CONVERSION = YES;
				CLANG_WARN_COMMA = YES;
				CLANG_WARN_CONSTANT_CONVERSION = YES;
				CLANG_WARN_DIRECT_OBJC_ISA_USAGE = YES_ERROR;
				CLANG_WARN_DOCUMENTATION_COMMENTS = YES;
				CLANG_WARN_EMPTY_BODY = YES;
				CLANG_WARN_ENUM_CONVERSION = YES;
				CLANG_WARN_INFINITE_RECURSION = YES;
				CLANG_WARN_INT_CONVERSION = YES;
				CLANG_WARN_NON_LITERAL_NULL_CONVERSION = YES;
				CLANG_WARN_OBJC_LITERAL_CONVERSION = YES;
				CLANG_WARN_OBJC_ROOT_CLASS = YES_ERROR;
				CLANG_WARN_RANGE_LOOP_ANALYSIS = YES;
				CLANG_WARN_STRICT_PROTOTYPES = YES;
				CLANG_WARN_SUSPICIOUS_MOVE = YES;
				CLANG_WARN_UNGUARDED_AVAILABILITY = YES_AGGRESSIVE;
				CLANG_WARN_UNREACHABLE_CODE = YES;
				CLANG_WARN__DUPLICATE_METHOD_MATCH = YES;
				CODE_SIGN_IDENTITY = "iPhone Developer";
				COPY_PHASE_STRIP = NO;
				DEBUG_INFORMATION_FORMAT = dwarf;
				ENABLE_STRICT_OBJC_MSGSEND = YES;
				ENABLE_TESTABILITY = YES;
				GCC_C_LANGUAGE_STANDARD = gnu11;
				GCC_DYNAMIC_NO_PIC = NO;
				GCC_NO_COMMON_BLOCKS = YES;
				GCC_OPTIMIZATION_LEVEL = 0;
				GCC_PREPROCESSOR_DEFINITIONS = (
					"DEBUG=1",
					"$(inherited)",
				);
				GCC_WARN_64_TO_32_BIT_CONVERSION = YES;
				GCC_WARN_ABOUT_RETURN_TYPE = YES_ERROR;
				GCC_WARN_UNDECLARED_SELECTOR = YES;
				GCC_WARN_UNINITIALIZED_AUTOS = YES_AGGRESSIVE;
				GCC_WARN_UNUSED_FUNCTION = YES;
				GCC_WARN_UNUSED_VARIABLE = YES;
				IPHONEOS_DEPLOYMENT_TARGET = 11.2;
				MTL_ENABLE_DEBUG_INFO = YES;
				ONLY_ACTIVE_ARCH = YES;
				SDKROOT = iphoneos;
			};
			name = Debug;
		};
		8945E5FC2073114F003C2F74 /* Release */ = {
			isa = XCBuildConfiguration;
			buildSettings = {
				ALWAYS_SEARCH_USER_PATHS = NO;
				CLANG_ANALYZER_NONNULL = YES;
				CLANG_ANALYZER_NUMBER_OBJECT_CONVERSION = YES_AGGRESSIVE;
				CLANG_CXX_LANGUAGE_STANDARD = "gnu++14";
				CLANG_CXX_LIBRARY = "libc++";
				CLANG_ENABLE_MODULES = YES;
				CLANG_ENABLE_OBJC_ARC = YES;
				CLANG_WARN_BLOCK_CAPTURE_AUTORELEASING = YES;
				CLANG_WARN_BOOL_CONVERSION = YES;
				CLANG_WARN_COMMA = YES;
				CLANG_WARN_CONSTANT_CONVERSION = YES;
				CLANG_WARN_DIRECT_OBJC_ISA_USAGE = YES_ERROR;
				CLANG_WARN_DOCUMENTATION_COMMENTS = YES;
				CLANG_WARN_EMPTY_BODY = YES;
				CLANG_WARN_ENUM_CONVERSION = YES;
				CLANG_WARN_INFINITE_RECURSION = YES;
				CLANG_WARN_INT_CONVERSION = YES;
				CLANG_WARN_NON_LITERAL_NULL_CONVERSION = YES;
				CLANG_WARN_OBJC_LITERAL_CONVERSION = YES;
				CLANG_WARN_OBJC_ROOT_CLASS = YES_ERROR;
				CLANG_WARN_RANGE_LOOP_ANALYSIS = YES;
				CLANG_WARN_STRICT_PROTOTYPES = YES;
				CLANG_WARN_SUSPICIOUS_MOVE = YES;
				CLANG_WARN_UNGUARDED_AVAILABILITY = YES_AGGRESSIVE;
				CLANG_WARN_UNREACHABLE_CODE = YES;
				CLANG_WARN__DUPLICATE_METHOD_MATCH = YES;
				CODE_SIGN_IDENTITY = "iPhone Developer";
				COPY_PHASE_STRIP = NO;
				DEBUG_INFORMATION_FORMAT = "dwarf-with-dsym";
				ENABLE_NS_ASSERTIONS = NO;
				ENABLE_STRICT_OBJC_MSGSEND = YES;
				GCC_C_LANGUAGE_STANDARD = gnu11;
				GCC_NO_COMMON_BLOCKS = YES;
				GCC_WARN_64_TO_32_BIT_CONVERSION = YES;
				GCC_WARN_ABOUT_RETURN_TYPE = YES_ERROR;
				GCC_WARN_UNDECLARED_SELECTOR = YES;
				GCC_WARN_UNINITIALIZED_AUTOS = YES_AGGRESSIVE;
				GCC_WARN_UNUSED_FUNCTION = YES;
				GCC_WARN_UNUSED_VARIABLE = YES;
				IPHONEOS_DEPLOYMENT_TARGET = 11.2;
				MTL_ENABLE_DEBUG_INFO = NO;
				SDKROOT = iphoneos;
				VALIDATE_PRODUCT = YES;
			};
			name = Release;
		};
		8945E5FE2073114F003C2F74 /* Debug */ = {
			isa = XCBuildConfiguration;
			buildSettings = {
				ASSETCATALOG_COMPILER_APPICON_NAME = AppIcon;
				CODE_SIGN_STYLE = Automatic;
				GCC_PREFIX_HEADER = "$(SRCROOT)/TMConfuse/TMPrefixHeader.pch";
				INFOPLIST_FILE = TMConfuse/Info.plist;
				LD_RUNPATH_SEARCH_PATHS = "$(inherited) @executable_path/Frameworks";
				PRODUCT_BUNDLE_IDENTIFIER = com.tim.demo.TMConfuse;
				PRODUCT_NAME = "$(TARGET_NAME)";
				TARGETED_DEVICE_FAMILY = "1,2";
			};
			name = Debug;
		};
		8945E5FF2073114F003C2F74 /* Release */ = {
			isa = XCBuildConfiguration;
			buildSettings = {
				ASSETCATALOG_COMPILER_APPICON_NAME = AppIcon;
				CODE_SIGN_STYLE = Automatic;
				GCC_PREFIX_HEADER = "$(SRCROOT)/TMConfuse/TMPrefixHeader.pch";
				INFOPLIST_FILE = TMConfuse/Info.plist;
				LD_RUNPATH_SEARCH_PATHS = "$(inherited) @executable_path/Frameworks";
				PRODUCT_BUNDLE_IDENTIFIER = com.tim.demo.TMConfuse;
				PRODUCT_NAME = "$(TARGET_NAME)";
				TARGETED_DEVICE_FAMILY = "1,2";
			};
			name = Release;
		};
/* End XCBuildConfiguration section */

/* Begin XCConfigurationList section */
		8945E5E22073114F003C2F74 /* Build configuration list for PBXProject "TMConfuse" */ = {
			isa = XCConfigurationList;
			buildConfigurations = (
				8945E5FB2073114F003C2F74 /* Debug */,
				8945E5FC2073114F003C2F74 /* Release */,
			);
			defaultConfigurationIsVisible = 0;
			defaultConfigurationName = Release;
		};
		8945E5FD2073114F003C2F74 /* Build configuration list for PBXNativeTarget "TMConfuse" */ = {
			isa = XCConfigurationList;
			buildConfigurations = (
				8945E5FE2073114F003C2F74 /* Debug */,
				8945E5FF2073114F003C2F74 /* Release */,
			);
			defaultConfigurationIsVisible = 0;
			defaultConfigurationName = Release;
		};
/* End XCConfigurationList section */
	};
	rootObject = 8945E5DF2073114F003C2F74 /* Project object */;
}
